# THIS IS AN AUTOGENERATED FILE. DO NOT EDIT THIS FILE DIRECTLY.
# yarn lockfile v1


gsap@^3.10.3:
  version "3.10.3"
  resolved "https://registry.yarnpkg.com/gsap/-/gsap-3.10.3.tgz#368f03123ae4f9e48fe9c8912a6a92ba31c56194"
  integrity sha512-O4P5mC6awoo0uSemZ1kS1Nm52I4/3gC8gy6ws6VFXvR1KmA4oRlBY/ZI4+LWsH0MoSDZrpwNyF9FAkB37UTGVg==
